// !$*UTF8*$!
{
	archiveVersion = 1;
	classes = {
	};
	objectVersion = 46;
	objects = {

/* Begin PBXBuildFile section */
		94A857DC18EF74D200C0E175 /* PlayingCard.m in Sources */ = {isa = PBXBuildFile; fileRef = 94A857DB18EF74D200C0E175 /* PlayingCard.m */; };
		94A857DF18EF778D00C0E175 /* PlayingCardDeck.m in Sources */ = {isa = PBXBuildFile; fileRef = 94A857DE18EF778D00C0E175 /* PlayingCardDeck.m */; };
		94CD9CDC18EEA8E100714E55 /* Foundation.framework in Frameworks */ = {isa = PBXBuildFile; fileRef = 94CD9CDB18EEA8E100714E55 /* Foundation.framework */; };
		94CD9CDE18EEA8E100714E55 /* CoreGraphics.framework in Frameworks */ = {isa = PBXBuildFile; fileRef = 94CD9CDD18EEA8E100714E55 /* CoreGraphics.framework */; };
		94CD9CE018EEA8E100714E55 /* UIKit.framework in Frameworks */ = {isa = PBXBuildFile; fileRef = 94CD9CDF18EEA8E100714E55 /* UIKit.framework */; };
		94CD9CE618EEA8E100714E55 /* InfoPlist.strings in Resources */ = {isa = PBXBuildFile; fileRef = 94CD9CE418EEA8E100714E55 /* InfoPlist.strings */; };
		94CD9CE818EEA8E100714E55 /* main.m in Sources */ = {isa = PBXBuildFile; fileRef = 94CD9CE718EEA8E100714E55 /* main.m */; };
		94CD9CEC18EEA8E100714E55 /* CardGameAppDelegate.m in Sources */ = {isa = PBXBuildFile; fileRef = 94CD9CEB18EEA8E100714E55 /* CardGameAppDelegate.m */; };
		94CD9CEF18EEA8E100714E55 /* Main.storyboard in Resources */ = {isa = PBXBuildFile; fileRef = 94CD9CED18EEA8E100714E55 /* Main.storyboard */; };
		94CD9CF218EEA8E100714E55 /* CardGameViewController.m in Sources */ = {isa = PBXBuildFile; fileRef = 94CD9CF118EEA8E100714E55 /* CardGameViewController.m */; };
		94CD9CF418EEA8E100714E55 /* Images.xcassets in Resources */ = {isa = PBXBuildFile; fileRef = 94CD9CF318EEA8E100714E55 /* Images.xcassets */; };
		94CD9CFB18EEA8E100714E55 /* XCTest.framework in Frameworks */ = {isa = PBXBuildFile; fileRef = 94CD9CFA18EEA8E100714E55 /* XCTest.framework */; };
		94CD9CFC18EEA8E100714E55 /* Foundation.framework in Frameworks */ = {isa = PBXBuildFile; fileRef = 94CD9CDB18EEA8E100714E55 /* Foundation.framework */; };
		94CD9CFD18EEA8E100714E55 /* UIKit.framework in Frameworks */ = {isa = PBXBuildFile; fileRef = 94CD9CDF18EEA8E100714E55 /* UIKit.framework */; };
		94CD9D0518EEA8E100714E55 /* InfoPlist.strings in Resources */ = {isa = PBXBuildFile; fileRef = 94CD9D0318EEA8E100714E55 /* InfoPlist.strings */; };
		94CD9D0718EEA8E100714E55 /* MatchismoTests.m in Sources */ = {isa = PBXBuildFile; fileRef = 94CD9D0618EEA8E100714E55 /* MatchismoTests.m */; };
		94CD9D1218EEA9BA00714E55 /* Card.m in Sources */ = {isa = PBXBuildFile; fileRef = 94CD9D1118EEA9BA00714E55 /* Card.m */; };
		94CD9D1518EEAAD900714E55 /* Deck.m in Sources */ = {isa = PBXBuildFile; fileRef = 94CD9D1418EEAAD900714E55 /* Deck.m */; };
		94DB37FE18F637A90005BA4B /* CardMatchingGame.m in Sources */ = {isa = PBXBuildFile; fileRef = 94DB37FD18F637A90005BA4B /* CardMatchingGame.m */; };
/* End PBXBuildFile section */

/* Begin PBXContainerItemProxy section */
		94CD9CFE18EEA8E100714E55 /* PBXContainerItemProxy */ = {
			isa = PBXContainerItemProxy;
			containerPortal = 94CD9CD018EEA8E100714E55 /* Project object */;
			proxyType = 1;
			remoteGlobalIDString = 94CD9CD718EEA8E100714E55;
			remoteInfo = Matchismo;
		};
/* End PBXContainerItemProxy section */

/* Begin PBXFileReference section */
		94A857DA18EF74D200C0E175 /* PlayingCard.h */ = {isa = PBXFileReference; fileEncoding = 4; lastKnownFileType = sourcecode.c.h; path = PlayingCard.h; sourceTree = "<group>"; };
		94A857DB18EF74D200C0E175 /* PlayingCard.m */ = {isa = PBXFileReference; fileEncoding = 4; lastKnownFileType = sourcecode.c.objc; path = PlayingCard.m; sourceTree = "<group>"; };
		94A857DD18EF778D00C0E175 /* PlayingCardDeck.h */ = {isa = PBXFileReference; fileEncoding = 4; lastKnownFileType = sourcecode.c.h; path = PlayingCardDeck.h; sourceTree = "<group>"; };
		94A857DE18EF778D00C0E175 /* PlayingCardDeck.m */ = {isa = PBXFileReference; fileEncoding = 4; lastKnownFileType = sourcecode.c.objc; path = PlayingCardDeck.m; sourceTree = "<group>"; };
		94CD9CD818EEA8E100714E55 /* Matchismo.app */ = {isa = PBXFileReference; explicitFileType = wrapper.application; includeInIndex = 0; path = Matchismo.app; sourceTree = BUILT_PRODUCTS_DIR; };
		94CD9CDB18EEA8E100714E55 /* Foundation.framework */ = {isa = PBXFileReference; lastKnownFileType = wrapper.framework; name = Foundation.framework; path = System/Library/Frameworks/Foundation.framework; sourceTree = SDKROOT; };
		94CD9CDD18EEA8E100714E55 /* CoreGraphics.framework */ = {isa = PBXFileReference; lastKnownFileType = wrapper.framework; name = CoreGraphics.framework; path = System/Library/Frameworks/CoreGraphics.framework; sourceTree = SDKROOT; };
		94CD9CDF18EEA8E100714E55 /* UIKit.framework */ = {isa = PBXFileReference; lastKnownFileType = wrapper.framework; name = UIKit.framework; path = System/Library/Frameworks/UIKit.framework; sourceTree = SDKROOT; };
		94CD9CE318EEA8E100714E55 /* Matchismo-Info.plist */ = {isa = PBXFileReference; lastKnownFileType = text.plist.xml; path = "Matchismo-Info.plist"; sourceTree = "<group>"; };
		94CD9CE518EEA8E100714E55 /* en */ = {isa = PBXFileReference; lastKnownFileType = text.plist.strings; name = en; path = en.lproj/InfoPlist.strings; sourceTree = "<group>"; };
		94CD9CE718EEA8E100714E55 /* main.m */ = {isa = PBXFileReference; lastKnownFileType = sourcecode.c.objc; path = main.m; sourceTree = "<group>"; };
		94CD9CE918EEA8E100714E55 /* Matchismo-Prefix.pch */ = {isa = PBXFileReference; lastKnownFileType = sourcecode.c.h; path = "Matchismo-Prefix.pch"; sourceTree = "<group>"; };
		94CD9CEA18EEA8E100714E55 /* CardGameAppDelegate.h */ = {isa = PBXFileReference; lastKnownFileType = sourcecode.c.h; path = CardGameAppDelegate.h; sourceTree = "<group>"; };
		94CD9CEB18EEA8E100714E55 /* CardGameAppDelegate.m */ = {isa = PBXFileReference; lastKnownFileType = sourcecode.c.objc; path = CardGameAppDelegate.m; sourceTree = "<group>"; };
		94CD9CEE18EEA8E100714E55 /* Base */ = {isa = PBXFileReference; lastKnownFileType = file.storyboard; name = Base; path = Base.lproj/Main.storyboard; sourceTree = "<group>"; };
		94CD9CF018EEA8E100714E55 /* CardGameViewController.h */ = {isa = PBXFileReference; lastKnownFileType = sourcecode.c.h; path = CardGameViewController.h; sourceTree = "<group>"; };
		94CD9CF118EEA8E100714E55 /* CardGameViewController.m */ = {isa = PBXFileReference; lastKnownFileType = sourcecode.c.objc; path = CardGameViewController.m; sourceTree = "<group>"; };
		94CD9CF318EEA8E100714E55 /* Images.xcassets */ = {isa = PBXFileReference; lastKnownFileType = folder.assetcatalog; path = Images.xcassets; sourceTree = "<group>"; };
		94CD9CF918EEA8E100714E55 /* MatchismoTests.xctest */ = {isa = PBXFileReference; explicitFileType = wrapper.cfbundle; includeInIndex = 0; path = MatchismoTests.xctest; sourceTree = BUILT_PRODUCTS_DIR; };
		94CD9CFA18EEA8E100714E55 /* XCTest.framework */ = {isa = PBXFileReference; lastKnownFileType = wrapper.framework; name = XCTest.framework; path = Library/Frameworks/XCTest.framework; sourceTree = DEVELOPER_DIR; };
		94CD9D0218EEA8E100714E55 /* MatchismoTests-Info.plist */ = {isa = PBXFileReference; lastKnownFileType = text.plist.xml; path = "MatchismoTests-Info.plist"; sourceTree = "<group>"; };
		94CD9D0418EEA8E100714E55 /* en */ = {isa = PBXFileReference; lastKnownFileType = text.plist.strings; name = en; path = en.lproj/InfoPlist.strings; sourceTree = "<group>"; };
		94CD9D0618EEA8E100714E55 /* MatchismoTests.m */ = {isa = PBXFileReference; lastKnownFileType = sourcecode.c.objc; path = MatchismoTests.m; sourceTree = "<group>"; };
		94CD9D1018EEA9BA00714E55 /* Card.h */ = {isa = PBXFileReference; fileEncoding = 4; lastKnownFileType = sourcecode.c.h; path = Card.h; sourceTree = "<group>"; };
		94CD9D1118EEA9BA00714E55 /* Card.m */ = {isa = PBXFileReference; fileEncoding = 4; lastKnownFileType = sourcecode.c.objc; path = Card.m; sourceTree = "<group>"; };
		94CD9D1318EEAAD800714E55 /* Deck.h */ = {isa = PBXFileReference; fileEncoding = 4; lastKnownFileType = sourcecode.c.h; path = Deck.h; sourceTree = "<group>"; };
		94CD9D1418EEAAD900714E55 /* Deck.m */ = {isa = PBXFileReference; fileEncoding = 4; lastKnownFileType = sourcecode.c.objc; path = Deck.m; sourceTree = "<group>"; };
		94DB37FC18F637A90005BA4B /* CardMatchingGame.h */ = {isa = PBXFileReference; fileEncoding = 4; lastKnownFileType = sourcecode.c.h; path = CardMatchingGame.h; sourceTree = "<group>"; };
		94DB37FD18F637A90005BA4B /* CardMatchingGame.m */ = {isa = PBXFileReference; fileEncoding = 4; lastKnownFileType = sourcecode.c.objc; path = CardMatchingGame.m; sourceTree = "<group>"; };
/* End PBXFileReference section */

/* Begin PBXFrameworksBuildPhase section */
		94CD9CD518EEA8E100714E55 /* Frameworks */ = {
			isa = PBXFrameworksBuildPhase;
			buildActionMask = 2147483647;
			files = (
				94CD9CDE18EEA8E100714E55 /* CoreGraphics.framework in Frameworks */,
				94CD9CE018EEA8E100714E55 /* UIKit.framework in Frameworks */,
				94CD9CDC18EEA8E100714E55 /* Foundation.framework in Frameworks */,
			);
			runOnlyForDeploymentPostprocessing = 0;
		};
		94CD9CF618EEA8E100714E55 /* Frameworks */ = {
			isa = PBXFrameworksBuildPhase;
			buildActionMask = 2147483647;
			files = (
				94CD9CFB18EEA8E100714E55 /* XCTest.framework in Frameworks */,
				94CD9CFD18EEA8E100714E55 /* UIKit.framework in Frameworks */,
				94CD9CFC18EEA8E100714E55 /* Foundation.framework in Frameworks */,
			);
			runOnlyForDeploymentPostprocessing = 0;
		};
/* End PBXFrameworksBuildPhase section */

/* Begin PBXGroup section */
		94CD9CCF18EEA8E100714E55 = {
			isa = PBXGroup;
			children = (
				94CD9CE118EEA8E100714E55 /* Matchismo */,
				94CD9D0018EEA8E100714E55 /* MatchismoTests */,
				94CD9CDA18EEA8E100714E55 /* Frameworks */,
				94CD9CD918EEA8E100714E55 /* Products */,
			);
			sourceTree = "<group>";
		};
		94CD9CD918EEA8E100714E55 /* Products */ = {
			isa = PBXGroup;
			children = (
				94CD9CD818EEA8E100714E55 /* Matchismo.app */,
				94CD9CF918EEA8E100714E55 /* MatchismoTests.xctest */,
			);
			name = Products;
			sourceTree = "<group>";
		};
		94CD9CDA18EEA8E100714E55 /* Frameworks */ = {
			isa = PBXGroup;
			children = (
				94CD9CDB18EEA8E100714E55 /* Foundation.framework */,
				94CD9CDD18EEA8E100714E55 /* CoreGraphics.framework */,
				94CD9CDF18EEA8E100714E55 /* UIKit.framework */,
				94CD9CFA18EEA8E100714E55 /* XCTest.framework */,
			);
			name = Frameworks;
			sourceTree = "<group>";
		};
		94CD9CE118EEA8E100714E55 /* Matchismo */ = {
			isa = PBXGroup;
			children = (
				94CD9D1718EF9AF200714E55 /* Viewer */,
				94CD9D1618EF9A9500714E55 /* Model */,
				94CD9D1818EF9AFB00714E55 /* Controller */,
				94CD9CF318EEA8E100714E55 /* Images.xcassets */,
				94CD9CE218EEA8E100714E55 /* Supporting Files */,
			);
			path = Matchismo;
			sourceTree = "<group>";
		};
		94CD9CE218EEA8E100714E55 /* Supporting Files */ = {
			isa = PBXGroup;
			children = (
				94CD9CEA18EEA8E100714E55 /* CardGameAppDelegate.h */,
				94CD9CEB18EEA8E100714E55 /* CardGameAppDelegate.m */,
				94CD9CE318EEA8E100714E55 /* Matchismo-Info.plist */,
				94CD9CE418EEA8E100714E55 /* InfoPlist.strings */,
				94CD9CE718EEA8E100714E55 /* main.m */,
				94CD9CE918EEA8E100714E55 /* Matchismo-Prefix.pch */,
			);
			name = "Supporting Files";
			sourceTree = "<group>";
		};
		94CD9D0018EEA8E100714E55 /* MatchismoTests */ = {
			isa = PBXGroup;
			children = (
				94CD9D0618EEA8E100714E55 /* MatchismoTests.m */,
				94CD9D0118EEA8E100714E55 /* Supporting Files */,
			);
			path = MatchismoTests;
			sourceTree = "<group>";
		};
		94CD9D0118EEA8E100714E55 /* Supporting Files */ = {
			isa = PBXGroup;
			children = (
				94CD9D0218EEA8E100714E55 /* MatchismoTests-Info.plist */,
				94CD9D0318EEA8E100714E55 /* InfoPlist.strings */,
			);
			name = "Supporting Files";
			sourceTree = "<group>";
		};
		94CD9D1618EF9A9500714E55 /* Model */ = {
			isa = PBXGroup;
			children = (
				94DB37FC18F637A90005BA4B /* CardMatchingGame.h */,
				94DB37FD18F637A90005BA4B /* CardMatchingGame.m */,
				94CD9D1018EEA9BA00714E55 /* Card.h */,
				94CD9D1118EEA9BA00714E55 /* Card.m */,
				94CD9D1318EEAAD800714E55 /* Deck.h */,
				94CD9D1418EEAAD900714E55 /* Deck.m */,
				94A857DA18EF74D200C0E175 /* PlayingCard.h */,
				94A857DB18EF74D200C0E175 /* PlayingCard.m */,
				94A857DD18EF778D00C0E175 /* PlayingCardDeck.h */,
				94A857DE18EF778D00C0E175 /* PlayingCardDeck.m */,
			);
			name = Model;
			sourceTree = "<group>";
		};
		94CD9D1718EF9AF200714E55 /* Viewer */ = {
			isa = PBXGroup;
			children = (
				94CD9CED18EEA8E100714E55 /* Main.storyboard */,
			);
			name = Viewer;
			sourceTree = "<group>";
		};
		94CD9D1818EF9AFB00714E55 /* Controller */ = {
			isa = PBXGroup;
			children = (
				94CD9CF018EEA8E100714E55 /* CardGameViewController.h */,
				94CD9CF118EEA8E100714E55 /* CardGameViewController.m */,
			);
			name = Controller;
			sourceTree = "<group>";
		};
/* End PBXGroup section */

/* Begin PBXNativeTarget section */
		94CD9CD718EEA8E100714E55 /* Matchismo */ = {
			isa = PBXNativeTarget;
			buildConfigurationList = 94CD9D0A18EEA8E100714E55 /* Build configuration list for PBXNativeTarget "Matchismo" */;
			buildPhases = (
				94CD9CD418EEA8E100714E55 /* Sources */,
				94CD9CD518EEA8E100714E55 /* Frameworks */,
				94CD9CD618EEA8E100714E55 /* Resources */,
			);
			buildRules = (
			);
			dependencies = (
			);
			name = Matchismo;
			productName = Matchismo;
			productReference = 94CD9CD818EEA8E100714E55 /* Matchismo.app */;
			productType = "com.apple.product-type.application";
		};
		94CD9CF818EEA8E100714E55 /* MatchismoTests */ = {
			isa = PBXNativeTarget;
			buildConfigurationList = 94CD9D0D18EEA8E100714E55 /* Build configuration list for PBXNativeTarget "MatchismoTests" */;
			buildPhases = (
				94CD9CF518EEA8E100714E55 /* Sources */,
				94CD9CF618EEA8E100714E55 /* Frameworks */,
				94CD9CF718EEA8E100714E55 /* Resources */,
			);
			buildRules = (
			);
			dependencies = (
				94CD9CFF18EEA8E100714E55 /* PBXTargetDependency */,
			);
			name = MatchismoTests;
			productName = MatchismoTests;
			productReference = 94CD9CF918EEA8E100714E55 /* MatchismoTests.xctest */;
			productType = "com.apple.product-type.bundle.unit-test";
		};
/* End PBXNativeTarget section */

/* Begin PBXProject section */
		94CD9CD018EEA8E100714E55 /* Project object */ = {
			isa = PBXProject;
			attributes = {
				CLASSPREFIX = CardGame;
				LastUpgradeCheck = 0510;
				ORGANIZATIONNAME = "Ryan Houlihan";
				TargetAttributes = {
					94CD9CF818EEA8E100714E55 = {
						TestTargetID = 94CD9CD718EEA8E100714E55;
					};
				};
			};
			buildConfigurationList = 94CD9CD318EEA8E100714E55 /* Build configuration list for PBXProject "Matchismo" */;
			compatibilityVersion = "Xcode 3.2";
			developmentRegion = English;
			hasScannedForEncodings = 0;
			knownRegions = (
				en,
				Base,
			);
			mainGroup = 94CD9CCF18EEA8E100714E55;
			productRefGroup = 94CD9CD918EEA8E100714E55 /* Products */;
			projectDirPath = "";
			projectRoot = "";
			targets = (
				94CD9CD718EEA8E100714E55 /* Matchismo */,
				94CD9CF818EEA8E100714E55 /* MatchismoTests */,
			);
		};
/* End PBXProject section */

/* Begin PBXResourcesBuildPhase section */
		94CD9CD618EEA8E100714E55 /* Resources */ = {
			isa = PBXResourcesBuildPhase;
			buildActionMask = 2147483647;
			files = (
				94CD9CF418EEA8E100714E55 /* Images.xcassets in Resources */,
				94CD9CE618EEA8E100714E55 /* InfoPlist.strings in Resources */,
				94CD9CEF18EEA8E100714E55 /* Main.storyboard in Resources */,
			);
			runOnlyForDeploymentPostprocessing = 0;
		};
		94CD9CF718EEA8E100714E55 /* Resources */ = {
			isa = PBXResourcesBuildPhase;
			buildActionMask = 2147483647;
			files = (
				94CD9D0518EEA8E100714E55 /* InfoPlist.strings in Resources */,
			);
			runOnlyForDeploymentPostprocessing = 0;
		};
/* End PBXResourcesBuildPhase section */

/* Begin PBXSourcesBuildPhase section */
		94CD9CD418EEA8E100714E55 /* Sources */ = {
			isa = PBXSourcesBuildPhase;
			buildActionMask = 2147483647;
			files = (
				94A857DC18EF74D200C0E175 /* PlayingCard.m in Sources */,
				94CD9D1518EEAAD900714E55 /* Deck.m in Sources */,
				94CD9CEC18EEA8E100714E55 /* CardGameAppDelegate.m in Sources */,
				94CD9CF218EEA8E100714E55 /* CardGameViewController.m in Sources */,
				94DB37FE18F637A90005BA4B /* CardMatchingGame.m in Sources */,
				94A857DF18EF778D00C0E175 /* PlayingCardDeck.m in Sources */,
				94CD9CE818EEA8E100714E55 /* main.m in Sources */,
				94CD9D1218EEA9BA00714E55 /* Card.m in Sources */,
			);
			runOnlyForDeploymentPostprocessing = 0;
		};
		94CD9CF518EEA8E100714E55 /* Sources */ = {
			isa = PBXSourcesBuildPhase;
			buildActionMask = 2147483647;
			files = (
				94CD9D0718EEA8E100714E55 /* MatchismoTests.m in Sources */,
			);
			runOnlyForDeploymentPostprocessing = 0;
		};
/* End PBXSourcesBuildPhase section */

/* Begin PBXTargetDependency section */
		94CD9CFF18EEA8E100714E55 /* PBXTargetDependency */ = {
			isa = PBXTargetDependency;
			target = 94CD9CD718EEA8E100714E55 /* Matchismo */;
			targetProxy = 94CD9CFE18EEA8E100714E55 /* PBXContainerItemProxy */;
		};
/* End PBXTargetDependency section */

/* Begin PBXVariantGroup section */
		94CD9CE418EEA8E100714E55 /* InfoPlist.strings */ = {
			isa = PBXVariantGroup;
			children = (
				94CD9CE518EEA8E100714E55 /* en */,
			);
			name = InfoPlist.strings;
			sourceTree = "<group>";
		};
		94CD9CED18EEA8E100714E55 /* Main.storyboard */ = {
			isa = PBXVariantGroup;
			children = (
				94CD9CEE18EEA8E100714E55 /* Base */,
			);
			name = Main.storyboard;
			sourceTree = "<group>";
		};
		94CD9D0318EEA8E100714E55 /* InfoPlist.strings */ = {
			isa = PBXVariantGroup;
			children = (
				94CD9D0418EEA8E100714E55 /* en */,
			);
			name = InfoPlist.strings;
			sourceTree = "<group>";
		};
/* End PBXVariantGroup section */

/* Begin XCBuildConfiguration section */
		94CD9D0818EEA8E100714E55 /* Debug */ = {
			isa = XCBuildConfiguration;
			buildSettings = {
				ALWAYS_SEARCH_USER_PATHS = NO;
				CLANG_CXX_LANGUAGE_STANDARD = "gnu++0x";
				CLANG_CXX_LIBRARY = "libc++";
				CLANG_ENABLE_MODULES = YES;
				CLANG_ENABLE_OBJC_ARC = YES;
				CLANG_WARN_BOOL_CONVERSION = YES;
				CLANG_WARN_CONSTANT_CONVERSION = YES;
				CLANG_WARN_DIRECT_OBJC_ISA_USAGE = YES_ERROR;
				CLANG_WARN_EMPTY_BODY = YES;
				CLANG_WARN_ENUM_CONVERSION = YES;
				CLANG_WARN_INT_CONVERSION = YES;
				CLANG_WARN_OBJC_ROOT_CLASS = YES_ERROR;
				CLANG_WARN__DUPLICATE_METHOD_MATCH = YES;
				"CODE_SIGN_IDENTITY[sdk=iphoneos*]" = "iPhone Developer";
				COPY_PHASE_STRIP = NO;
				GCC_C_LANGUAGE_STANDARD = gnu99;
				GCC_DYNAMIC_NO_PIC = NO;
				GCC_OPTIMIZATION_LEVEL = 0;
				GCC_PREPROCESSOR_DEFINITIONS = (
					"DEBUG=1",
					"$(inherited)",
				);
				GCC_SYMBOLS_PRIVATE_EXTERN = NO;
				GCC_WARN_64_TO_32_BIT_CONVERSION = YES;
				GCC_WARN_ABOUT_RETURN_TYPE = YES_ERROR;
				GCC_WARN_UNDECLARED_SELECTOR = YES;
				GCC_WARN_UNINITIALIZED_AUTOS = YES_AGGRESSIVE;
				GCC_WARN_UNUSED_FUNCTION = YES;
				GCC_WARN_UNUSED_VARIABLE = YES;
				IPHONEOS_DEPLOYMENT_TARGET = 7.1;
				ONLY_ACTIVE_ARCH = YES;
				SDKROOT = iphoneos;
			};
			name = Debug;
		};
		94CD9D0918EEA8E100714E55 /* Release */ = {
			isa = XCBuildConfiguration;
			buildSettings = {
				ALWAYS_SEARCH_USER_PATHS = NO;
				CLANG_CXX_LANGUAGE_STANDARD = "gnu++0x";
				CLANG_CXX_LIBRARY = "libc++";
				CLANG_ENABLE_MODULES = YES;
				CLANG_ENABLE_OBJC_ARC = YES;
				CLANG_WARN_BOOL_CONVERSION = YES;
				CLANG_WARN_CONSTANT_CONVERSION = YES;
				CLANG_WARN_DIRECT_OBJC_ISA_USAGE = YES_ERROR;
				CLANG_WARN_EMPTY_BODY = YES;
				CLANG_WARN_ENUM_CONVERSION = YES;
				CLANG_WARN_INT_CONVERSION = YES;
				CLANG_WARN_OBJC_ROOT_CLASS = YES_ERROR;
				CLANG_WARN__DUPLICATE_METHOD_MATCH = YES;
				"CODE_SIGN_IDENTITY[sdk=iphoneos*]" = "iPhone Developer";
				COPY_PHASE_STRIP = YES;
				ENABLE_NS_ASSERTIONS = NO;
				GCC_C_LANGUAGE_STANDARD = gnu99;
				GCC_WARN_64_TO_32_BIT_CONVERSION = YES;
				GCC_WARN_ABOUT_RETURN_TYPE = YES_ERROR;
				GCC_WARN_UNDECLARED_SELECTOR = YES;
				GCC_WARN_UNINITIALIZED_AUTOS = YES_AGGRESSIVE;
				GCC_WARN_UNUSED_FUNCTION = YES;
				GCC_WARN_UNUSED_VARIABLE = YES;
				IPHONEOS_DEPLOYMENT_TARGET = 7.1;
				SDKROOT = iphoneos;
				VALIDATE_PRODUCT = YES;
			};
			name = Release;
		};
		94CD9D0B18EEA8E100714E55 /* Debug */ = {
			isa = XCBuildConfiguration;
			buildSettings = {
				ASSETCATALOG_COMPILER_APPICON_NAME = AppIcon;
				ASSETCATALOG_COMPILER_LAUNCHIMAGE_NAME = LaunchImage;
				GCC_PRECOMPILE_PREFIX_HEADER = YES;
				GCC_PREFIX_HEADER = "Matchismo/Matchismo-Prefix.pch";
				INFOPLIST_FILE = "Matchismo/Matchismo-Info.plist";
				IPHONEOS_DEPLOYMENT_TARGET = 6.0;
				PRODUCT_NAME = "$(TARGET_NAME)";
				TARGETED_DEVICE_FAMILY = 1;
				WRAPPER_EXTENSION = app;
			};
			name = Debug;
		};
		94CD9D0C18EEA8E100714E55 /* Release */ = {
			isa = XCBuildConfiguration;
			buildSettings = {
				ASSETCATALOG_COMPILER_APPICON_NAME = AppIcon;
				ASSETCATALOG_COMPILER_LAUNCHIMAGE_NAME = LaunchImage;
				GCC_PRECOMPILE_PREFIX_HEADER = YES;
				GCC_PREFIX_HEADER = "Matchismo/Matchismo-Prefix.pch";
				INFOPLIST_FILE = "Matchismo/Matchismo-Info.plist";
				IPHONEOS_DEPLOYMENT_TARGET = 6.0;
				PRODUCT_NAME = "$(TARGET_NAME)";
				TARGETED_DEVICE_FAMILY = 1;
				WRAPPER_EXTENSION = app;
			};
			name = Release;
		};
		94CD9D0E18EEA8E100714E55 /* Debug */ = {
			isa = XCBuildConfiguration;
			buildSettings = {
				BUNDLE_LOADER = "$(BUILT_PRODUCTS_DIR)/Matchismo.app/Matchismo";
				FRAMEWORK_SEARCH_PATHS = (
					"$(SDKROOT)/Developer/Library/Frameworks",
					"$(inherited)",
					"$(DEVELOPER_FRAMEWORKS_DIR)",
				);
				GCC_PRECOMPILE_PREFIX_HEADER = YES;
				GCC_PREFIX_HEADER = "Matchismo/Matchismo-Prefix.pch";
				GCC_PREPROCESSOR_DEFINITIONS = (
					"DEBUG=1",
					"$(inherited)",
				);
				INFOPLIST_FILE = "MatchismoTests/MatchismoTests-Info.plist";
				PRODUCT_NAME = "$(TARGET_NAME)";
				TEST_HOST = "$(BUNDLE_LOADER)";
				WRAPPER_EXTENSION = xctest;
			};
			name = Debug;
		};
		94CD9D0F18EEA8E100714E55 /* Release */ = {
			isa = XCBuildConfiguration;
			buildSettings = {
				BUNDLE_LOADER = "$(BUILT_PRODUCTS_DIR)/Matchismo.app/Matchismo";
				FRAMEWORK_SEARCH_PATHS = (
					"$(SDKROOT)/Developer/Library/Frameworks",
					"$(inherited)",
					"$(DEVELOPER_FRAMEWORKS_DIR)",
				);
				GCC_PRECOMPILE_PREFIX_HEADER = YES;
				GCC_PREFIX_HEADER = "Matchismo/Matchismo-Prefix.pch";
				INFOPLIST_FILE = "MatchismoTests/MatchismoTests-Info.plist";
				PRODUCT_NAME = "$(TARGET_NAME)";
				TEST_HOST = "$(BUNDLE_LOADER)";
				WRAPPER_EXTENSION = xctest;
			};
			name = Release;
		};
/* End XCBuildConfiguration section */

/* Begin XCConfigurationList section */
		94CD9CD318EEA8E100714E55 /* Build configuration list for PBXProject "Matchismo" */ = {
			isa = XCConfigurationList;
			buildConfigurations = (
				94CD9D0818EEA8E100714E55 /* Debug */,
				94CD9D0918EEA8E100714E55 /* Release */,
			);
			defaultConfigurationIsVisible = 0;
			defaultConfigurationName = Release;
		};
		94CD9D0A18EEA8E100714E55 /* Build configuration list for PBXNativeTarget "Matchismo" */ = {
			isa = XCConfigurationList;
			buildConfigurations = (
				94CD9D0B18EEA8E100714E55 /* Debug */,
				94CD9D0C18EEA8E100714E55 /* Release */,
			);
			defaultConfigurationIsVisible = 0;
			defaultConfigurationName = Release;
		};
		94CD9D0D18EEA8E100714E55 /* Build configuration list for PBXNativeTarget "MatchismoTests" */ = {
			isa = XCConfigurationList;
			buildConfigurations = (
				94CD9D0E18EEA8E100714E55 /* Debug */,
				94CD9D0F18EEA8E100714E55 /* Release */,
			);
			defaultConfigurationIsVisible = 0;
			defaultConfigurationName = Release;
		};
/* End XCConfigurationList section */
	};
	rootObject = 94CD9CD018EEA8E100714E55 /* Project object */;
}
